
Microsoft Visual Studio Solution File, Format Version 12.00
# Visual Studio 2013
VisualStudioVersion = 12.0.30501.0
MinimumVisualStudioVersion = 10.0.40219.1
Project("{8BC9CEB8-8B4A-11D0-8D11-00A0C91BC942}") = "FeatureSpy", "FeatureSpy\FeatureSpy.vcxproj", "{04EF5418-2AE6-42B2-9BED-824EC862F0BF}"
EndProject
Project("{8BC9CEB8-8B4A-11D0-8D11-00A0C91BC942}") = "UserMachiningPublicModule", "UserMachiningPublicModule\UserMachiningPublicModule.vcxproj", "{D6258CFA-D919-4E4D-B922-DB7C668D8EF8}"
EndProject
Project("{8BC9CEB8-8B4A-11D0-8D11-00A0C91BC942}") = "cutting_database", "cutting_database\cutting_database.vcxproj", "{A7390175-5C8E-412B-85EA-5B3755F8015F}"
EndProject
Project("{8BC9CEB8-8B4A-11D0-8D11-00A0C91BC942}") = "BossTopMilling", "BossTopMilling\BossTopMilling.vcxproj", "{A43AD683-D99A-401B-9D2C-94DE1FF2F1FE}"
EndProject
Project("{8BC9CEB8-8B4A-11D0-8D11-00A0C91BC942}") = "BossSideMilling", "BossSideMilling\BossSideMilling.vcxproj", "{0760E32E-096E-4B78-8D97-2E22B791664E}"
EndProject
Project("{8BC9CEB8-8B4A-11D0-8D11-00A0C91BC942}") = "PlanGrooveMilling", "PlanGrooveMilling\PlanGrooveMilling.vcxproj", "{FA9E1925-E094-45D6-84D9-A303104161F7}"
EndProject
Project("{8BC9CEB8-8B4A-11D0-8D11-00A0C91BC942}") = "TongGrooveSideMilling", "TongGrooveSideMilling\TongGrooveSideMilling.vcxproj", "{FB986157-B289-45B8-804E-C4A9DD070A76}"
EndProject
Project("{8BC9CEB8-8B4A-11D0-8D11-00A0C91BC942}") = "HoleDrilling", "HoleDrilling\HoleDrilling.vcxproj", "{DE7EB77D-2CED-494C-B34B-C0617AEBAAEB}"
EndProject
Project("{8BC9CEB8-8B4A-11D0-8D11-00A0C91BC942}") = "CasingBatchModifyParameter", "CasingBatchModifyParameter\CasingBatchModifyParameter.vcxproj", "{867DA930-737A-4176-8CD4-9727050D0B37}"
EndProject
Project("{8BC9CEB8-8B4A-11D0-8D11-00A0C91BC942}") = "GroSideMilling", "GroSideMilling\GroSideMilling.vcxproj", "{1EBE8760-BF92-446A-8F58-0818FC821C78}"
EndProject
Project("{8BC9CEB8-8B4A-11D0-8D11-00A0C91BC942}") = "CasingRoughPlunging", "CasingRoughPlunging\CasingRoughPlunging.vcxproj", "{09A34450-DC61-4C29-B4A4-628CCCE4205E}"
EndProject
Project("{8BC9CEB8-8B4A-11D0-8D11-00A0C91BC942}") = "Postprocess", "Postprocess\Postprocess.vcxproj", "{1BD321AA-33CD-4104-BB4B-2FB1BF67B6E7}"
EndProject
Project("{8BC9CEB8-8B4A-11D0-8D11-00A0C91BC942}") = "RibMilling", "RibMilling\RibMilling.vcxproj", "{75B5A176-2510-4C2D-8217-AF8382E61D20}"
EndProject
Global
	GlobalSection(SolutionConfigurationPlatforms) = preSolution
		Debug|Mixed Platforms = Debug|Mixed Platforms
		Debug|Win32 = Debug|Win32
		Debug|x64 = Debug|x64
		Debug|x86 = Debug|x86
		Release|Mixed Platforms = Release|Mixed Platforms
		Release|Win32 = Release|Win32
		Release|x64 = Release|x64
		Release|x86 = Release|x86
	EndGlobalSection
	GlobalSection(ProjectConfigurationPlatforms) = postSolution
		{04EF5418-2AE6-42B2-9BED-824EC862F0BF}.Debug|Mixed Platforms.ActiveCfg = Debug|Win32
		{04EF5418-2AE6-42B2-9BED-824EC862F0BF}.Debug|Mixed Platforms.Build.0 = Debug|Win32
		{04EF5418-2AE6-42B2-9BED-824EC862F0BF}.Debug|Win32.ActiveCfg = Debug|Win32
		{04EF5418-2AE6-42B2-9BED-824EC862F0BF}.Debug|Win32.Build.0 = Debug|Win32
		{04EF5418-2AE6-42B2-9BED-824EC862F0BF}.Debug|x64.ActiveCfg = Debug|x64
		{04EF5418-2AE6-42B2-9BED-824EC862F0BF}.Debug|x64.Build.0 = Debug|x64
		{04EF5418-2AE6-42B2-9BED-824EC862F0BF}.Debug|x64.Deploy.0 = Debug|x64
		{04EF5418-2AE6-42B2-9BED-824EC862F0BF}.Debug|x86.ActiveCfg = Debug|Win32
		{04EF5418-2AE6-42B2-9BED-824EC862F0BF}.Debug|x86.Build.0 = Debug|Win32
		{04EF5418-2AE6-42B2-9BED-824EC862F0BF}.Debug|x86.Deploy.0 = Debug|Win32
		{04EF5418-2AE6-42B2-9BED-824EC862F0BF}.Release|Mixed Platforms.ActiveCfg = Release|Win32
		{04EF5418-2AE6-42B2-9BED-824EC862F0BF}.Release|Mixed Platforms.Build.0 = Release|Win32
		{04EF5418-2AE6-42B2-9BED-824EC862F0BF}.Release|Win32.ActiveCfg = Release|Win32
		{04EF5418-2AE6-42B2-9BED-824EC862F0BF}.Release|Win32.Build.0 = Release|Win32
		{04EF5418-2AE6-42B2-9BED-824EC862F0BF}.Release|x64.ActiveCfg = Release|x64
		{04EF5418-2AE6-42B2-9BED-824EC862F0BF}.Release|x64.Build.0 = Release|x64
		{04EF5418-2AE6-42B2-9BED-824EC862F0BF}.Release|x64.Deploy.0 = Release|x64
		{04EF5418-2AE6-42B2-9BED-824EC862F0BF}.Release|x86.ActiveCfg = Release|Win32
		{04EF5418-2AE6-42B2-9BED-824EC862F0BF}.Release|x86.Build.0 = Release|Win32
		{04EF5418-2AE6-42B2-9BED-824EC862F0BF}.Release|x86.Deploy.0 = Release|Win32
		{D6258CFA-D919-4E4D-B922-DB7C668D8EF8}.Debug|Mixed Platforms.ActiveCfg = Debug|Win32
		{D6258CFA-D919-4E4D-B922-DB7C668D8EF8}.Debug|Mixed Platforms.Build.0 = Debug|Win32
		{D6258CFA-D919-4E4D-B922-DB7C668D8EF8}.Debug|Win32.ActiveCfg = Debug|Win32
		{D6258CFA-D919-4E4D-B922-DB7C668D8EF8}.Debug|Win32.Build.0 = Debug|Win32
		{D6258CFA-D919-4E4D-B922-DB7C668D8EF8}.Debug|x64.ActiveCfg = Debug|x64
		{D6258CFA-D919-4E4D-B922-DB7C668D8EF8}.Debug|x64.Build.0 = Debug|x64
		{D6258CFA-D919-4E4D-B922-DB7C668D8EF8}.Debug|x86.ActiveCfg = Debug|Win32
		{D6258CFA-D919-4E4D-B922-DB7C668D8EF8}.Debug|x86.Build.0 = Debug|Win32
		{D6258CFA-D919-4E4D-B922-DB7C668D8EF8}.Release|Mixed Platforms.ActiveCfg = Release|Win32
		{D6258CFA-D919-4E4D-B922-DB7C668D8EF8}.Release|Mixed Platforms.Build.0 = Release|Win32
		{D6258CFA-D919-4E4D-B922-DB7C668D8EF8}.Release|Win32.ActiveCfg = Release|Win32
		{D6258CFA-D919-4E4D-B922-DB7C668D8EF8}.Release|Win32.Build.0 = Release|Win32
		{D6258CFA-D919-4E4D-B922-DB7C668D8EF8}.Release|x64.ActiveCfg = Release|x64
		{D6258CFA-D919-4E4D-B922-DB7C668D8EF8}.Release|x64.Build.0 = Release|x64
		{D6258CFA-D919-4E4D-B922-DB7C668D8EF8}.Release|x86.ActiveCfg = Release|Win32
		{D6258CFA-D919-4E4D-B922-DB7C668D8EF8}.Release|x86.Build.0 = Release|Win32
		{A7390175-5C8E-412B-85EA-5B3755F8015F}.Debug|Mixed Platforms.ActiveCfg = Debug|Win32
		{A7390175-5C8E-412B-85EA-5B3755F8015F}.Debug|Mixed Platforms.Build.0 = Debug|Win32
		{A7390175-5C8E-412B-85EA-5B3755F8015F}.Debug|Win32.ActiveCfg = Debug|Win32
		{A7390175-5C8E-412B-85EA-5B3755F8015F}.Debug|Win32.Build.0 = Debug|Win32
		{A7390175-5C8E-412B-85EA-5B3755F8015F}.Debug|x64.ActiveCfg = Debug|x64
		{A7390175-5C8E-412B-85EA-5B3755F8015F}.Debug|x64.Build.0 = Debug|x64
		{A7390175-5C8E-412B-85EA-5B3755F8015F}.Debug|x86.ActiveCfg = Debug|Win32
		{A7390175-5C8E-412B-85EA-5B3755F8015F}.Debug|x86.Build.0 = Debug|Win32
		{A7390175-5C8E-412B-85EA-5B3755F8015F}.Release|Mixed Platforms.ActiveCfg = Release|Win32
		{A7390175-5C8E-412B-85EA-5B3755F8015F}.Release|Mixed Platforms.Build.0 = Release|Win32
		{A7390175-5C8E-412B-85EA-5B3755F8015F}.Release|Win32.ActiveCfg = Release|Win32
		{A7390175-5C8E-412B-85EA-5B3755F8015F}.Release|Win32.Build.0 = Release|Win32
		{A7390175-5C8E-412B-85EA-5B3755F8015F}.Release|x64.ActiveCfg = Release|Win32
		{A7390175-5C8E-412B-85EA-5B3755F8015F}.Release|x86.ActiveCfg = Release|Win32
		{A7390175-5C8E-412B-85EA-5B3755F8015F}.Release|x86.Build.0 = Release|Win32
		{A43AD683-D99A-401B-9D2C-94DE1FF2F1FE}.Debug|Mixed Platforms.ActiveCfg = Debug|Win32
		{A43AD683-D99A-401B-9D2C-94DE1FF2F1FE}.Debug|Mixed Platforms.Build.0 = Debug|Win32
		{A43AD683-D99A-401B-9D2C-94DE1FF2F1FE}.Debug|Win32.ActiveCfg = Debug|Win32
		{A43AD683-D99A-401B-9D2C-94DE1FF2F1FE}.Debug|Win32.Build.0 = Debug|Win32
		{A43AD683-D99A-401B-9D2C-94DE1FF2F1FE}.Debug|x64.ActiveCfg = Debug|x64
		{A43AD683-D99A-401B-9D2C-94DE1FF2F1FE}.Debug|x64.Build.0 = Debug|x64
		{A43AD683-D99A-401B-9D2C-94DE1FF2F1FE}.Debug|x86.ActiveCfg = Debug|Win32
		{A43AD683-D99A-401B-9D2C-94DE1FF2F1FE}.Debug|x86.Build.0 = Debug|Win32
		{A43AD683-D99A-401B-9D2C-94DE1FF2F1FE}.Release|Mixed Platforms.ActiveCfg = Release|Win32
		{A43AD683-D99A-401B-9D2C-94DE1FF2F1FE}.Release|Mixed Platforms.Build.0 = Release|Win32
		{A43AD683-D99A-401B-9D2C-94DE1FF2F1FE}.Release|Win32.ActiveCfg = Release|Win32
		{A43AD683-D99A-401B-9D2C-94DE1FF2F1FE}.Release|Win32.Build.0 = Release|Win32
		{A43AD683-D99A-401B-9D2C-94DE1FF2F1FE}.Release|x64.ActiveCfg = Release|x64
		{A43AD683-D99A-401B-9D2C-94DE1FF2F1FE}.Release|x64.Build.0 = Release|x64
		{A43AD683-D99A-401B-9D2C-94DE1FF2F1FE}.Release|x86.ActiveCfg = Release|Win32
		{A43AD683-D99A-401B-9D2C-94DE1FF2F1FE}.Release|x86.Build.0 = Release|Win32
		{0760E32E-096E-4B78-8D97-2E22B791664E}.Debug|Mixed Platforms.ActiveCfg = Debug|Win32
		{0760E32E-096E-4B78-8D97-2E22B791664E}.Debug|Mixed Platforms.Build.0 = Debug|Win32
		{0760E32E-096E-4B78-8D97-2E22B791664E}.Debug|Win32.ActiveCfg = Debug|Win32
		{0760E32E-096E-4B78-8D97-2E22B791664E}.Debug|Win32.Build.0 = Debug|Win32
		{0760E32E-096E-4B78-8D97-2E22B791664E}.Debug|x64.ActiveCfg = Debug|x64
		{0760E32E-096E-4B78-8D97-2E22B791664E}.Debug|x64.Build.0 = Debug|x64
		{0760E32E-096E-4B78-8D97-2E22B791664E}.Debug|x86.ActiveCfg = Debug|Win32
		{0760E32E-096E-4B78-8D97-2E22B791664E}.Debug|x86.Build.0 = Debug|Win32
		{0760E32E-096E-4B78-8D97-2E22B791664E}.Release|Mixed Platforms.ActiveCfg = Release|Win32
		{0760E32E-096E-4B78-8D97-2E22B791664E}.Release|Mixed Platforms.Build.0 = Release|Win32
		{0760E32E-096E-4B78-8D97-2E22B791664E}.Release|Win32.ActiveCfg = Release|Win32
		{0760E32E-096E-4B78-8D97-2E22B791664E}.Release|Win32.Build.0 = Release|Win32
		{0760E32E-096E-4B78-8D97-2E22B791664E}.Release|x64.ActiveCfg = Release|x64
		{0760E32E-096E-4B78-8D97-2E22B791664E}.Release|x64.Build.0 = Release|x64
		{0760E32E-096E-4B78-8D97-2E22B791664E}.Release|x86.ActiveCfg = Release|Win32
		{0760E32E-096E-4B78-8D97-2E22B791664E}.Release|x86.Build.0 = Release|Win32
		{FA9E1925-E094-45D6-84D9-A303104161F7}.Debug|Mixed Platforms.ActiveCfg = Debug|Win32
		{FA9E1925-E094-45D6-84D9-A303104161F7}.Debug|Mixed Platforms.Build.0 = Debug|Win32
		{FA9E1925-E094-45D6-84D9-A303104161F7}.Debug|Win32.ActiveCfg = Debug|Win32
		{FA9E1925-E094-45D6-84D9-A303104161F7}.Debug|Win32.Build.0 = Debug|Win32
		{FA9E1925-E094-45D6-84D9-A303104161F7}.Debug|x64.ActiveCfg = Debug|x64
		{FA9E1925-E094-45D6-84D9-A303104161F7}.Debug|x64.Build.0 = Debug|x64
		{FA9E1925-E094-45D6-84D9-A303104161F7}.Debug|x86.ActiveCfg = Debug|Win32
		{FA9E1925-E094-45D6-84D9-A303104161F7}.Debug|x86.Build.0 = Debug|Win32
		{FA9E1925-E094-45D6-84D9-A303104161F7}.Release|Mixed Platforms.ActiveCfg = Release|Win32
		{FA9E1925-E094-45D6-84D9-A303104161F7}.Release|Mixed Platforms.Build.0 = Release|Win32
		{FA9E1925-E094-45D6-84D9-A303104161F7}.Release|Win32.ActiveCfg = Release|Win32
		{FA9E1925-E094-45D6-84D9-A303104161F7}.Release|Win32.Build.0 = Release|Win32
		{FA9E1925-E094-45D6-84D9-A303104161F7}.Release|x64.ActiveCfg = Release|x64
		{FA9E1925-E094-45D6-84D9-A303104161F7}.Release|x64.Build.0 = Release|x64
		{FA9E1925-E094-45D6-84D9-A303104161F7}.Release|x86.ActiveCfg = Release|Win32
		{FA9E1925-E094-45D6-84D9-A303104161F7}.Release|x86.Build.0 = Release|Win32
		{FB986157-B289-45B8-804E-C4A9DD070A76}.Debug|Mixed Platforms.ActiveCfg = Debug|Win32
		{FB986157-B289-45B8-804E-C4A9DD070A76}.Debug|Mixed Platforms.Build.0 = Debug|Win32
		{FB986157-B289-45B8-804E-C4A9DD070A76}.Debug|Win32.ActiveCfg = Debug|Win32
		{FB986157-B289-45B8-804E-C4A9DD070A76}.Debug|Win32.Build.0 = Debug|Win32
		{FB986157-B289-45B8-804E-C4A9DD070A76}.Debug|x64.ActiveCfg = Debug|x64
		{FB986157-B289-45B8-804E-C4A9DD070A76}.Debug|x64.Build.0 = Debug|x64
		{FB986157-B289-45B8-804E-C4A9DD070A76}.Debug|x86.ActiveCfg = Debug|Win32
		{FB986157-B289-45B8-804E-C4A9DD070A76}.Debug|x86.Build.0 = Debug|Win32
		{FB986157-B289-45B8-804E-C4A9DD070A76}.Release|Mixed Platforms.ActiveCfg = Release|Win32
		{FB986157-B289-45B8-804E-C4A9DD070A76}.Release|Mixed Platforms.Build.0 = Release|Win32
		{FB986157-B289-45B8-804E-C4A9DD070A76}.Release|Win32.ActiveCfg = Release|Win32
		{FB986157-B289-45B8-804E-C4A9DD070A76}.Release|Win32.Build.0 = Release|Win32
		{FB986157-B289-45B8-804E-C4A9DD070A76}.Release|x64.ActiveCfg = Release|x64
		{FB986157-B289-45B8-804E-C4A9DD070A76}.Release|x64.Build.0 = Release|x64
		{FB986157-B289-45B8-804E-C4A9DD070A76}.Release|x86.ActiveCfg = Release|Win32
		{FB986157-B289-45B8-804E-C4A9DD070A76}.Release|x86.Build.0 = Release|Win32
		{DE7EB77D-2CED-494C-B34B-C0617AEBAAEB}.Debug|Mixed Platforms.ActiveCfg = Debug|Win32
		{DE7EB77D-2CED-494C-B34B-C0617AEBAAEB}.Debug|Mixed Platforms.Build.0 = Debug|Win32
		{DE7EB77D-2CED-494C-B34B-C0617AEBAAEB}.Debug|Win32.ActiveCfg = Debug|Win32
		{DE7EB77D-2CED-494C-B34B-C0617AEBAAEB}.Debug|Win32.Build.0 = Debug|Win32
		{DE7EB77D-2CED-494C-B34B-C0617AEBAAEB}.Debug|x64.ActiveCfg = Debug|x64
		{DE7EB77D-2CED-494C-B34B-C0617AEBAAEB}.Debug|x64.Build.0 = Debug|x64
		{DE7EB77D-2CED-494C-B34B-C0617AEBAAEB}.Debug|x86.ActiveCfg = Debug|Win32
		{DE7EB77D-2CED-494C-B34B-C0617AEBAAEB}.Debug|x86.Build.0 = Debug|Win32
		{DE7EB77D-2CED-494C-B34B-C0617AEBAAEB}.Release|Mixed Platforms.ActiveCfg = Release|Win32
		{DE7EB77D-2CED-494C-B34B-C0617AEBAAEB}.Release|Mixed Platforms.Build.0 = Release|Win32
		{DE7EB77D-2CED-494C-B34B-C0617AEBAAEB}.Release|Win32.ActiveCfg = Release|Win32
		{DE7EB77D-2CED-494C-B34B-C0617AEBAAEB}.Release|Win32.Build.0 = Release|Win32
		{DE7EB77D-2CED-494C-B34B-C0617AEBAAEB}.Release|x64.ActiveCfg = Release|x64
		{DE7EB77D-2CED-494C-B34B-C0617AEBAAEB}.Release|x64.Build.0 = Release|x64
		{DE7EB77D-2CED-494C-B34B-C0617AEBAAEB}.Release|x86.ActiveCfg = Release|Win32
		{DE7EB77D-2CED-494C-B34B-C0617AEBAAEB}.Release|x86.Build.0 = Release|Win32
		{867DA930-737A-4176-8CD4-9727050D0B37}.Debug|Mixed Platforms.ActiveCfg = Debug|Win32
		{867DA930-737A-4176-8CD4-9727050D0B37}.Debug|Mixed Platforms.Build.0 = Debug|Win32
		{867DA930-737A-4176-8CD4-9727050D0B37}.Debug|Win32.ActiveCfg = Debug|Win32
		{867DA930-737A-4176-8CD4-9727050D0B37}.Debug|Win32.Build.0 = Debug|Win32
		{867DA930-737A-4176-8CD4-9727050D0B37}.Debug|x64.ActiveCfg = Debug|x64
		{867DA930-737A-4176-8CD4-9727050D0B37}.Debug|x64.Build.0 = Debug|x64
		{867DA930-737A-4176-8CD4-9727050D0B37}.Debug|x86.ActiveCfg = Debug|Win32
		{867DA930-737A-4176-8CD4-9727050D0B37}.Debug|x86.Build.0 = Debug|Win32
		{867DA930-737A-4176-8CD4-9727050D0B37}.Release|Mixed Platforms.ActiveCfg = Release|Win32
		{867DA930-737A-4176-8CD4-9727050D0B37}.Release|Mixed Platforms.Build.0 = Release|Win32
		{867DA930-737A-4176-8CD4-9727050D0B37}.Release|Win32.ActiveCfg = Release|Win32
		{867DA930-737A-4176-8CD4-9727050D0B37}.Release|Win32.Build.0 = Release|Win32
		{867DA930-737A-4176-8CD4-9727050D0B37}.Release|x64.ActiveCfg = Release|x64
		{867DA930-737A-4176-8CD4-9727050D0B37}.Release|x64.Build.0 = Release|x64
		{867DA930-737A-4176-8CD4-9727050D0B37}.Release|x86.ActiveCfg = Release|Win32
		{867DA930-737A-4176-8CD4-9727050D0B37}.Release|x86.Build.0 = Release|Win32
		{1EBE8760-BF92-446A-8F58-0818FC821C78}.Debug|Mixed Platforms.ActiveCfg = Debug|Win32
		{1EBE8760-BF92-446A-8F58-0818FC821C78}.Debug|Mixed Platforms.Build.0 = Debug|Win32
		{1EBE8760-BF92-446A-8F58-0818FC821C78}.Debug|Win32.ActiveCfg = Debug|Win32
		{1EBE8760-BF92-446A-8F58-0818FC821C78}.Debug|Win32.Build.0 = Debug|Win32
		{1EBE8760-BF92-446A-8F58-0818FC821C78}.Debug|x64.ActiveCfg = Debug|x64
		{1EBE8760-BF92-446A-8F58-0818FC821C78}.Debug|x64.Build.0 = Debug|x64
		{1EBE8760-BF92-446A-8F58-0818FC821C78}.Debug|x86.ActiveCfg = Debug|Win32
		{1EBE8760-BF92-446A-8F58-0818FC821C78}.Debug|x86.Build.0 = Debug|Win32
		{1EBE8760-BF92-446A-8F58-0818FC821C78}.Release|Mixed Platforms.ActiveCfg = Release|Win32
		{1EBE8760-BF92-446A-8F58-0818FC821C78}.Release|Mixed Platforms.Build.0 = Release|Win32
		{1EBE8760-BF92-446A-8F58-0818FC821C78}.Release|Win32.ActiveCfg = Release|Win32
		{1EBE8760-BF92-446A-8F58-0818FC821C78}.Release|Win32.Build.0 = Release|Win32
		{1EBE8760-BF92-446A-8F58-0818FC821C78}.Release|x64.ActiveCfg = Release|x64
		{1EBE8760-BF92-446A-8F58-0818FC821C78}.Release|x64.Build.0 = Release|x64
		{1EBE8760-BF92-446A-8F58-0818FC821C78}.Release|x86.ActiveCfg = Release|Win32
		{1EBE8760-BF92-446A-8F58-0818FC821C78}.Release|x86.Build.0 = Release|Win32
		{09A34450-DC61-4C29-B4A4-628CCCE4205E}.Debug|Mixed Platforms.ActiveCfg = Debug|Win32
		{09A34450-DC61-4C29-B4A4-628CCCE4205E}.Debug|Mixed Platforms.Build.0 = Debug|Win32
		{09A34450-DC61-4C29-B4A4-628CCCE4205E}.Debug|Win32.ActiveCfg = Debug|Win32
		{09A34450-DC61-4C29-B4A4-628CCCE4205E}.Debug|Win32.Build.0 = Debug|Win32
		{09A34450-DC61-4C29-B4A4-628CCCE4205E}.Debug|x64.ActiveCfg = Debug|x64
		{09A34450-DC61-4C29-B4A4-628CCCE4205E}.Debug|x64.Build.0 = Debug|x64
		{09A34450-DC61-4C29-B4A4-628CCCE4205E}.Debug|x86.ActiveCfg = Debug|Win32
		{09A34450-DC61-4C29-B4A4-628CCCE4205E}.Debug|x86.Build.0 = Debug|Win32
		{09A34450-DC61-4C29-B4A4-628CCCE4205E}.Release|Mixed Platforms.ActiveCfg = Release|Win32
		{09A34450-DC61-4C29-B4A4-628CCCE4205E}.Release|Mixed Platforms.Build.0 = Release|Win32
		{09A34450-DC61-4C29-B4A4-628CCCE4205E}.Release|Win32.ActiveCfg = Release|Win32
		{09A34450-DC61-4C29-B4A4-628CCCE4205E}.Release|Win32.Build.0 = Release|Win32
		{09A34450-DC61-4C29-B4A4-628CCCE4205E}.Release|x64.ActiveCfg = Release|x64
		{09A34450-DC61-4C29-B4A4-628CCCE4205E}.Release|x64.Build.0 = Release|x64
		{09A34450-DC61-4C29-B4A4-628CCCE4205E}.Release|x86.ActiveCfg = Release|Win32
		{09A34450-DC61-4C29-B4A4-628CCCE4205E}.Release|x86.Build.0 = Release|Win32
		{1BD321AA-33CD-4104-BB4B-2FB1BF67B6E7}.Debug|Mixed Platforms.ActiveCfg = Debug|Win32
		{1BD321AA-33CD-4104-BB4B-2FB1BF67B6E7}.Debug|Mixed Platforms.Build.0 = Debug|Win32
		{1BD321AA-33CD-4104-BB4B-2FB1BF67B6E7}.Debug|Win32.ActiveCfg = Debug|Win32
		{1BD321AA-33CD-4104-BB4B-2FB1BF67B6E7}.Debug|Win32.Build.0 = Debug|Win32
		{1BD321AA-33CD-4104-BB4B-2FB1BF67B6E7}.Debug|x64.ActiveCfg = Debug|x64
		{1BD321AA-33CD-4104-BB4B-2FB1BF67B6E7}.Debug|x64.Build.0 = Debug|x64
		{1BD321AA-33CD-4104-BB4B-2FB1BF67B6E7}.Debug|x86.ActiveCfg = Debug|Win32
		{1BD321AA-33CD-4104-BB4B-2FB1BF67B6E7}.Debug|x86.Build.0 = Debug|Win32
		{1BD321AA-33CD-4104-BB4B-2FB1BF67B6E7}.Release|Mixed Platforms.ActiveCfg = Release|Win32
		{1BD321AA-33CD-4104-BB4B-2FB1BF67B6E7}.Release|Mixed Platforms.Build.0 = Release|Win32
		{1BD321AA-33CD-4104-BB4B-2FB1BF67B6E7}.Release|Win32.ActiveCfg = Release|Win32
		{1BD321AA-33CD-4104-BB4B-2FB1BF67B6E7}.Release|Win32.Build.0 = Release|Win32
		{1BD321AA-33CD-4104-BB4B-2FB1BF67B6E7}.Release|x64.ActiveCfg = Release|Win32
		{1BD321AA-33CD-4104-BB4B-2FB1BF67B6E7}.Release|x86.ActiveCfg = Release|Win32
		{1BD321AA-33CD-4104-BB4B-2FB1BF67B6E7}.Release|x86.Build.0 = Release|Win32
		{75B5A176-2510-4C2D-8217-AF8382E61D20}.Debug|Mixed Platforms.ActiveCfg = Debug|Win32
		{75B5A176-2510-4C2D-8217-AF8382E61D20}.Debug|Mixed Platforms.Build.0 = Debug|Win32
		{75B5A176-2510-4C2D-8217-AF8382E61D20}.Debug|Win32.ActiveCfg = Debug|Win32
		{75B5A176-2510-4C2D-8217-AF8382E61D20}.Debug|Win32.Build.0 = Debug|Win32
		{75B5A176-2510-4C2D-8217-AF8382E61D20}.Debug|x64.ActiveCfg = Debug|x64
		{75B5A176-2510-4C2D-8217-AF8382E61D20}.Debug|x64.Build.0 = Debug|x64
		{75B5A176-2510-4C2D-8217-AF8382E61D20}.Debug|x86.ActiveCfg = Debug|Win32
		{75B5A176-2510-4C2D-8217-AF8382E61D20}.Debug|x86.Build.0 = Debug|Win32
		{75B5A176-2510-4C2D-8217-AF8382E61D20}.Release|Mixed Platforms.ActiveCfg = Release|Win32
		{75B5A176-2510-4C2D-8217-AF8382E61D20}.Release|Mixed Platforms.Build.0 = Release|Win32
		{75B5A176-2510-4C2D-8217-AF8382E61D20}.Release|Win32.ActiveCfg = Release|Win32
		{75B5A176-2510-4C2D-8217-AF8382E61D20}.Release|Win32.Build.0 = Release|Win32
		{75B5A176-2510-4C2D-8217-AF8382E61D20}.Release|x64.ActiveCfg = Release|x64
		{75B5A176-2510-4C2D-8217-AF8382E61D20}.Release|x64.Build.0 = Release|x64
		{75B5A176-2510-4C2D-8217-AF8382E61D20}.Release|x86.ActiveCfg = Release|Win32
		{75B5A176-2510-4C2D-8217-AF8382E61D20}.Release|x86.Build.0 = Release|Win32
	EndGlobalSection
	GlobalSection(SolutionProperties) = preSolution
		HideSolutionNode = FALSE
	EndGlobalSection
EndGlobal
